
Microsoft Visual Studio Solution File, Format Version 12.00
# Visual Studio Version 17
VisualStudioVersion = 17.10.35122.118
MinimumVisualStudioVersion = 10.0.40219.1
Project("{FAE04EC0-301F-11D3-BF4B-00C04F79EFBC}") = "PatikaKutuphanesi,", "PatikaKutuphanesi,\PatikaKutuphanesi,.csproj", "{2F27E2AF-BDC6-4297-89CB-643C453A2F9F}"
EndProject
Global
	GlobalSection(SolutionConfigurationPlatforms) = preSolution
		Debug|Any CPU = Debug|Any CPU
		Release|Any CPU = Release|Any CPU
	EndGlobalSection
	GlobalSection(ProjectConfigurationPlatforms) = postSolution
		{2F27E2AF-BDC6-4297-89CB-643C453A2F9F}.Debug|Any CPU.ActiveCfg = Debug|Any CPU
		{2F27E2AF-BDC6-4297-89CB-643C453A2F9F}.Debug|Any CPU.Build.0 = Debug|Any CPU
		{2F27E2AF-BDC6-4297-89CB-643C453A2F9F}.Release|Any CPU.ActiveCfg = Release|Any CPU
		{2F27E2AF-BDC6-4297-89CB-643C453A2F9F}.Release|Any CPU.Build.0 = Release|Any CPU
	EndGlobalSection
	GlobalSection(SolutionProperties) = preSolution
		HideSolutionNode = FALSE
	EndGlobalSection
	GlobalSection(ExtensibilityGlobals) = postSolution
		SolutionGuid = {96489711-4E0B-4F8B-8581-5333FA821082}
	EndGlobalSection
EndGlobal
